
Microsoft Visual Studio Solution File, Format Version 12.00
# Visual Studio Version 17
VisualStudioVersion = 17.3.32929.385
MinimumVisualStudioVersion = 10.0.40219.1
Project("{FAE04EC0-301F-11D3-BF4B-00C04F79EFBC}") = "BooksApi", "BooksApi\BooksApi.csproj", "{DDB2AAFA-4961-4E01-A0DB-AB8567ED9E17}"
EndProject
Global
	GlobalSection(SolutionConfigurationPlatforms) = preSolution
		Debug|Any CPU = Debug|Any CPU
		Release|Any CPU = Release|Any CPU
	EndGlobalSection
	GlobalSection(ProjectConfigurationPlatforms) = postSolution
		{DDB2AAFA-4961-4E01-A0DB-AB8567ED9E17}.Debug|Any CPU.ActiveCfg = Debug|Any CPU
		{DDB2AAFA-4961-4E01-A0DB-AB8567ED9E17}.Debug|Any CPU.Build.0 = Debug|Any CPU
		{DDB2AAFA-4961-4E01-A0DB-AB8567ED9E17}.Release|Any CPU.ActiveCfg = Release|Any CPU
		{DDB2AAFA-4961-4E01-A0DB-AB8567ED9E17}.Release|Any CPU.Build.0 = Release|Any CPU
	EndGlobalSection
	GlobalSection(SolutionProperties) = preSolution
		HideSolutionNode = FALSE
	EndGlobalSection
	GlobalSection(ExtensibilityGlobals) = postSolution
		SolutionGuid = {B8368A8A-6ACA-424C-BC80-96953E582577}
	EndGlobalSection
EndGlobal
